
Microsoft Visual Studio Solution File, Format Version 12.00
Project("{FAE04EC0-301F-11D3-BF4B-00C04F79EFBC}") = "ServiceA", "ServiceA\ServiceA.csproj", "{627B2ED9-68F8-4F87-8C3D-01E888B2B689}"
EndProject
Project("{FAE04EC0-301F-11D3-BF4B-00C04F79EFBC}") = "ServiceB", "ServiceB\ServiceB.csproj", "{5301447A-4550-448B-9C92-60D5B66392DB}"
EndProject
Project("{FAE04EC0-301F-11D3-BF4B-00C04F79EFBC}") = "Common", "Common\Common.csproj", "{399C6589-5F27-4AD8-9A14-D296B0543442}"
EndProject
Project("{FAE04EC0-301F-11D3-BF4B-00C04F79EFBC}") = "WongaAssessment.Tests", "WongaAssessment.Tests\WongaAssessment.Tests.csproj", "{92004B91-47EE-472D-B865-A994D4AD7A2F}"
EndProject
Global
	GlobalSection(SolutionConfigurationPlatforms) = preSolution
		Debug|Any CPU = Debug|Any CPU
		Release|Any CPU = Release|Any CPU
	EndGlobalSection
	GlobalSection(ProjectConfigurationPlatforms) = postSolution
		{627B2ED9-68F8-4F87-8C3D-01E888B2B689}.Debug|Any CPU.ActiveCfg = Debug|Any CPU
		{627B2ED9-68F8-4F87-8C3D-01E888B2B689}.Debug|Any CPU.Build.0 = Debug|Any CPU
		{627B2ED9-68F8-4F87-8C3D-01E888B2B689}.Release|Any CPU.ActiveCfg = Release|Any CPU
		{627B2ED9-68F8-4F87-8C3D-01E888B2B689}.Release|Any CPU.Build.0 = Release|Any CPU
		{5301447A-4550-448B-9C92-60D5B66392DB}.Debug|Any CPU.ActiveCfg = Debug|Any CPU
		{5301447A-4550-448B-9C92-60D5B66392DB}.Debug|Any CPU.Build.0 = Debug|Any CPU
		{5301447A-4550-448B-9C92-60D5B66392DB}.Release|Any CPU.ActiveCfg = Release|Any CPU
		{5301447A-4550-448B-9C92-60D5B66392DB}.Release|Any CPU.Build.0 = Release|Any CPU
		{399C6589-5F27-4AD8-9A14-D296B0543442}.Debug|Any CPU.ActiveCfg = Debug|Any CPU
		{399C6589-5F27-4AD8-9A14-D296B0543442}.Debug|Any CPU.Build.0 = Debug|Any CPU
		{399C6589-5F27-4AD8-9A14-D296B0543442}.Release|Any CPU.ActiveCfg = Release|Any CPU
		{399C6589-5F27-4AD8-9A14-D296B0543442}.Release|Any CPU.Build.0 = Release|Any CPU
		{92004B91-47EE-472D-B865-A994D4AD7A2F}.Debug|Any CPU.ActiveCfg = Debug|Any CPU
		{92004B91-47EE-472D-B865-A994D4AD7A2F}.Debug|Any CPU.Build.0 = Debug|Any CPU
		{92004B91-47EE-472D-B865-A994D4AD7A2F}.Release|Any CPU.ActiveCfg = Release|Any CPU
		{92004B91-47EE-472D-B865-A994D4AD7A2F}.Release|Any CPU.Build.0 = Release|Any CPU
	EndGlobalSection
EndGlobal
